
Microsoft Visual Studio Solution File, Format Version 12.00
# Visual Studio Version 17
VisualStudioVersion = 17.10.35122.118
MinimumVisualStudioVersion = 10.0.40219.1
Project("{FAE04EC0-301F-11D3-BF4B-00C04F79EFBC}") = "ConsoleProject2", "ConsoleProject2.csproj", "{A9227086-D914-4D4F-9B9E-E664611AE1EC}"
EndProject
Global
	GlobalSection(SolutionConfigurationPlatforms) = preSolution
		Debug|Any CPU = Debug|Any CPU
		Release|Any CPU = Release|Any CPU
	EndGlobalSection
	GlobalSection(ProjectConfigurationPlatforms) = postSolution
		{A9227086-D914-4D4F-9B9E-E664611AE1EC}.Debug|Any CPU.ActiveCfg = Debug|Any CPU
		{A9227086-D914-4D4F-9B9E-E664611AE1EC}.Debug|Any CPU.Build.0 = Debug|Any CPU
		{A9227086-D914-4D4F-9B9E-E664611AE1EC}.Release|Any CPU.ActiveCfg = Release|Any CPU
		{A9227086-D914-4D4F-9B9E-E664611AE1EC}.Release|Any CPU.Build.0 = Release|Any CPU
	EndGlobalSection
	GlobalSection(SolutionProperties) = preSolution
		HideSolutionNode = FALSE
	EndGlobalSection
	GlobalSection(ExtensibilityGlobals) = postSolution
		SolutionGuid = {73549A9B-220B-4492-AAD5-A6D8992F0352}
	EndGlobalSection
EndGlobal
